
Microsoft Visual Studio Solution File, Format Version 12.00
# Visual Studio Version 16
VisualStudioVersion = 16.0.31729.503
MinimumVisualStudioVersion = 10.0.40219.1
Project("{9A19103F-16F7-4668-BE54-9A1E7A4F7556}") = "eauction", "eauction\eauction.csproj", "{DBB40436-3FB5-4CC8-BEE6-5347D32C0FF9}"
EndProject
Project("{2150E333-8FDC-42A3-9474-1A3956D46DE8}") = "Solution Items", "Solution Items", "{F82A207A-3748-454F-9428-44B6480F3C40}"
	ProjectSection(SolutionItems) = preProject
		buildspec.yml = buildspec.yml
		Procfile = Procfile
	EndProjectSection
EndProject
Project("{9A19103F-16F7-4668-BE54-9A1E7A4F7556}") = "eauction.test", "eauction.test\eauction.test.csproj", "{B518A0D3-27CF-40C8-A940-B644E16CE092}"
EndProject
Global
	GlobalSection(SolutionConfigurationPlatforms) = preSolution
		Debug|Any CPU = Debug|Any CPU
		Release|Any CPU = Release|Any CPU
	EndGlobalSection
	GlobalSection(ProjectConfigurationPlatforms) = postSolution
		{DBB40436-3FB5-4CC8-BEE6-5347D32C0FF9}.Debug|Any CPU.ActiveCfg = Debug|Any CPU
		{DBB40436-3FB5-4CC8-BEE6-5347D32C0FF9}.Debug|Any CPU.Build.0 = Debug|Any CPU
		{DBB40436-3FB5-4CC8-BEE6-5347D32C0FF9}.Release|Any CPU.ActiveCfg = Release|Any CPU
		{DBB40436-3FB5-4CC8-BEE6-5347D32C0FF9}.Release|Any CPU.Build.0 = Release|Any CPU
		{B518A0D3-27CF-40C8-A940-B644E16CE092}.Debug|Any CPU.ActiveCfg = Debug|Any CPU
		{B518A0D3-27CF-40C8-A940-B644E16CE092}.Debug|Any CPU.Build.0 = Debug|Any CPU
		{B518A0D3-27CF-40C8-A940-B644E16CE092}.Release|Any CPU.ActiveCfg = Release|Any CPU
		{B518A0D3-27CF-40C8-A940-B644E16CE092}.Release|Any CPU.Build.0 = Release|Any CPU
	EndGlobalSection
	GlobalSection(SolutionProperties) = preSolution
		HideSolutionNode = FALSE
	EndGlobalSection
	GlobalSection(ExtensibilityGlobals) = postSolution
		SolutionGuid = {7254B8BB-15EB-4094-BEA2-7E2C201D2E37}
	EndGlobalSection
EndGlobal
